
Microsoft Visual Studio Solution File, Format Version 12.00
Project("{FAE04EC0-301F-11D3-BF4B-00C04F79EFBC}") = "NftSaleDemo.Api", "NftSaleDemo.Api\NftSaleDemo.Api.csproj", "{7AE51653-86EF-4AB2-B26D-193A98F58C8E}"
EndProject
Project("{FAE04EC0-301F-11D3-BF4B-00C04F79EFBC}") = "CardanoSharp.Wallet", "..\..\CardanoSharp\cardanosharp-wallet\CardanoSharp.Wallet\CardanoSharp.Wallet.csproj", "{97F4B7A3-0F0B-4004-83B7-DA4F33827EE3}"
EndProject
Global
	GlobalSection(SolutionConfigurationPlatforms) = preSolution
		Debug|Any CPU = Debug|Any CPU
		Release|Any CPU = Release|Any CPU
	EndGlobalSection
	GlobalSection(ProjectConfigurationPlatforms) = postSolution
		{7AE51653-86EF-4AB2-B26D-193A98F58C8E}.Debug|Any CPU.ActiveCfg = Debug|Any CPU
		{7AE51653-86EF-4AB2-B26D-193A98F58C8E}.Debug|Any CPU.Build.0 = Debug|Any CPU
		{7AE51653-86EF-4AB2-B26D-193A98F58C8E}.Release|Any CPU.ActiveCfg = Release|Any CPU
		{7AE51653-86EF-4AB2-B26D-193A98F58C8E}.Release|Any CPU.Build.0 = Release|Any CPU
		{97F4B7A3-0F0B-4004-83B7-DA4F33827EE3}.Debug|Any CPU.ActiveCfg = Debug|Any CPU
		{97F4B7A3-0F0B-4004-83B7-DA4F33827EE3}.Debug|Any CPU.Build.0 = Debug|Any CPU
		{97F4B7A3-0F0B-4004-83B7-DA4F33827EE3}.Release|Any CPU.ActiveCfg = Release|Any CPU
		{97F4B7A3-0F0B-4004-83B7-DA4F33827EE3}.Release|Any CPU.Build.0 = Release|Any CPU
	EndGlobalSection
EndGlobal
