
Microsoft Visual Studio Solution File, Format Version 12.00
# Visual Studio Version 17
VisualStudioVersion = 17.4.32804.182
MinimumVisualStudioVersion = 10.0.40219.1
Project("{9A19103F-16F7-4668-BE54-9A1E7A4F7556}") = "NftSaleDemo.Api", "NftSaleDemo.Api\NftSaleDemo.Api.csproj", "{7AE51653-86EF-4AB2-B26D-193A98F58C8E}"
EndProject
Global
	GlobalSection(SolutionConfigurationPlatforms) = preSolution
		Debug|Any CPU = Debug|Any CPU
		Release|Any CPU = Release|Any CPU
	EndGlobalSection
	GlobalSection(ProjectConfigurationPlatforms) = postSolution
		{7AE51653-86EF-4AB2-B26D-193A98F58C8E}.Debug|Any CPU.ActiveCfg = Debug|Any CPU
		{7AE51653-86EF-4AB2-B26D-193A98F58C8E}.Debug|Any CPU.Build.0 = Debug|Any CPU
		{7AE51653-86EF-4AB2-B26D-193A98F58C8E}.Release|Any CPU.ActiveCfg = Release|Any CPU
		{7AE51653-86EF-4AB2-B26D-193A98F58C8E}.Release|Any CPU.Build.0 = Release|Any CPU
	EndGlobalSection
	GlobalSection(SolutionProperties) = preSolution
		HideSolutionNode = FALSE
	EndGlobalSection
	GlobalSection(ExtensibilityGlobals) = postSolution
		SolutionGuid = {B4A4AE5B-56D8-47C1-A721-36D1D251D67E}
	EndGlobalSection
EndGlobal
